lockfileVersion: 5.3

specifiers:
  inversify: ^6.0.1
  reflect-metadata: ^0.1.13

dependencies:
  inversify: 6.0.1
  reflect-metadata: 0.1.13

packages:

  /inversify/6.0.1:
    resolution: {integrity: sha512-B3ex30927698TJENHR++8FfEaJGqoWOgI6ZY5Ht/nLUsFCwHn6akbwtnUAPCgUepAnTpe2qHxhDNjoKLyz6rgQ==}
    dev: false

  /reflect-metadata/0.1.13:
    resolution: {integrity: sha512-Ts1Y/anZELhSsjMcU605fU9RE4Oi3p5ORujwbIKXfWa+0Zxs510Qrmrce5/Jowq3cHSZSJqBjypxmHarc+vEWg==}
    dev: false
